
Microsoft Visual Studio Solution File, Format Version 12.00
# Visual Studio Version 17
VisualStudioVersion = 17.4.33205.214
MinimumVisualStudioVersion = 10.0.40219.1
Project("{9A19103F-16F7-4668-BE54-9A1E7A4F7556}") = "TiposDeDados1", "TiposDeDados1\TiposDeDados1.csproj", "{75920CBF-AC23-4389-B66B-8172C6C9C5DF}"
EndProject
Project("{9A19103F-16F7-4668-BE54-9A1E7A4F7556}") = "TiposDeDados2", "TiposDeDados2\TiposDeDados2.csproj", "{2468CF10-7F82-45C3-A966-E51100B25E7A}"
EndProject
Project("{9A19103F-16F7-4668-BE54-9A1E7A4F7556}") = "TiposDeDados3", "TiposDeDados3\TiposDeDados3.csproj", "{AB9509A2-48C2-417D-AF68-7CF79302B65D}"
EndProject
Project("{9A19103F-16F7-4668-BE54-9A1E7A4F7556}") = "TiposDeDados4", "TiposDeDados4\TiposDeDados4.csproj", "{B8145D1F-49D7-4C46-9350-5BC042733E15}"
EndProject
Project("{9A19103F-16F7-4668-BE54-9A1E7A4F7556}") = "DateTime1", "DateTime1\DateTime1.csproj", "{8CDEA170-2340-42DC-AB09-4CC0456D9B62}"
EndProject
Project("{9A19103F-16F7-4668-BE54-9A1E7A4F7556}") = "NullableTypes1", "NullableTypes1\NullableTypes1.csproj", "{929DEB9C-4171-4FD5-A26A-B73423F23F56}"
EndProject
Project("{9A19103F-16F7-4668-BE54-9A1E7A4F7556}") = "Identificadores", "Identificadores\Identificadores.csproj", "{75C2F3E3-557A-4EF0-B503-33575AFE27E3}"
EndProject
Project("{9A19103F-16F7-4668-BE54-9A1E7A4F7556}") = "ExerciciosFase1", "ExerciciosFase1\ExerciciosFase1.csproj", "{5266065E-72CA-41C9-917D-8DD3F60FC093}"
EndProject
Project("{9A19103F-16F7-4668-BE54-9A1E7A4F7556}") = "SaidaDados", "SaidaDados\SaidaDados.csproj", "{1C3E8644-4B95-4F8E-8693-8942136D4DA9}"
EndProject
Project("{9A19103F-16F7-4668-BE54-9A1E7A4F7556}") = "SaidaDados2", "SaidaDados2\SaidaDados2.csproj", "{360C074A-C1B4-4733-90C5-99B778ECBE39}"
EndProject
Project("{9A19103F-16F7-4668-BE54-9A1E7A4F7556}") = "ConversaoTipos", "ConversaoTipos\ConversaoTipos.csproj", "{358D79A4-2E19-400E-AAA3-10D419080B2D}"
EndProject
Project("{9A19103F-16F7-4668-BE54-9A1E7A4F7556}") = "ConversaoTipo1", "ConversaoTipo1\ConversaoTipo1.csproj", "{8B82DCEC-E1EF-4677-9BA1-EAA6CA10C130}"
EndProject
Project("{9A19103F-16F7-4668-BE54-9A1E7A4F7556}") = "EntradaDeDados", "EntradaDeDados\EntradaDeDados.csproj", "{98661607-1FFA-4363-A235-B7F642DAE861}"
EndProject
Project("{FAE04EC0-301F-11D3-BF4B-00C04F79EFBC}") = "OperadoresAritmeticos", "OperadoresAritmeticos\OperadoresAritmeticos.csproj", "{190D9394-A328-402C-8710-20DFFF56D153}"
EndProject
Global
	GlobalSection(SolutionConfigurationPlatforms) = preSolution
		Debug|Any CPU = Debug|Any CPU
		Release|Any CPU = Release|Any CPU
	EndGlobalSection
	GlobalSection(ProjectConfigurationPlatforms) = postSolution
		{75920CBF-AC23-4389-B66B-8172C6C9C5DF}.Debug|Any CPU.ActiveCfg = Debug|Any CPU
		{75920CBF-AC23-4389-B66B-8172C6C9C5DF}.Debug|Any CPU.Build.0 = Debug|Any CPU
		{75920CBF-AC23-4389-B66B-8172C6C9C5DF}.Release|Any CPU.ActiveCfg = Release|Any CPU
		{75920CBF-AC23-4389-B66B-8172C6C9C5DF}.Release|Any CPU.Build.0 = Release|Any CPU
		{2468CF10-7F82-45C3-A966-E51100B25E7A}.Debug|Any CPU.ActiveCfg = Debug|Any CPU
		{2468CF10-7F82-45C3-A966-E51100B25E7A}.Debug|Any CPU.Build.0 = Debug|Any CPU
		{2468CF10-7F82-45C3-A966-E51100B25E7A}.Release|Any CPU.ActiveCfg = Release|Any CPU
		{2468CF10-7F82-45C3-A966-E51100B25E7A}.Release|Any CPU.Build.0 = Release|Any CPU
		{AB9509A2-48C2-417D-AF68-7CF79302B65D}.Debug|Any CPU.ActiveCfg = Debug|Any CPU
		{AB9509A2-48C2-417D-AF68-7CF79302B65D}.Debug|Any CPU.Build.0 = Debug|Any CPU
		{AB9509A2-48C2-417D-AF68-7CF79302B65D}.Release|Any CPU.ActiveCfg = Release|Any CPU
		{AB9509A2-48C2-417D-AF68-7CF79302B65D}.Release|Any CPU.Build.0 = Release|Any CPU
		{B8145D1F-49D7-4C46-9350-5BC042733E15}.Debug|Any CPU.ActiveCfg = Debug|Any CPU
		{B8145D1F-49D7-4C46-9350-5BC042733E15}.Debug|Any CPU.Build.0 = Debug|Any CPU
		{B8145D1F-49D7-4C46-9350-5BC042733E15}.Release|Any CPU.ActiveCfg = Release|Any CPU
		{B8145D1F-49D7-4C46-9350-5BC042733E15}.Release|Any CPU.Build.0 = Release|Any CPU
		{8CDEA170-2340-42DC-AB09-4CC0456D9B62}.Debug|Any CPU.ActiveCfg = Debug|Any CPU
		{8CDEA170-2340-42DC-AB09-4CC0456D9B62}.Debug|Any CPU.Build.0 = Debug|Any CPU
		{8CDEA170-2340-42DC-AB09-4CC0456D9B62}.Release|Any CPU.ActiveCfg = Release|Any CPU
		{8CDEA170-2340-42DC-AB09-4CC0456D9B62}.Release|Any CPU.Build.0 = Release|Any CPU
		{929DEB9C-4171-4FD5-A26A-B73423F23F56}.Debug|Any CPU.ActiveCfg = Debug|Any CPU
		{929DEB9C-4171-4FD5-A26A-B73423F23F56}.Debug|Any CPU.Build.0 = Debug|Any CPU
		{929DEB9C-4171-4FD5-A26A-B73423F23F56}.Release|Any CPU.ActiveCfg = Release|Any CPU
		{929DEB9C-4171-4FD5-A26A-B73423F23F56}.Release|Any CPU.Build.0 = Release|Any CPU
		{75C2F3E3-557A-4EF0-B503-33575AFE27E3}.Debug|Any CPU.ActiveCfg = Debug|Any CPU
		{75C2F3E3-557A-4EF0-B503-33575AFE27E3}.Debug|Any CPU.Build.0 = Debug|Any CPU
		{75C2F3E3-557A-4EF0-B503-33575AFE27E3}.Release|Any CPU.ActiveCfg = Release|Any CPU
		{75C2F3E3-557A-4EF0-B503-33575AFE27E3}.Release|Any CPU.Build.0 = Release|Any CPU
		{5266065E-72CA-41C9-917D-8DD3F60FC093}.Debug|Any CPU.ActiveCfg = Debug|Any CPU
		{5266065E-72CA-41C9-917D-8DD3F60FC093}.Debug|Any CPU.Build.0 = Debug|Any CPU
		{5266065E-72CA-41C9-917D-8DD3F60FC093}.Release|Any CPU.ActiveCfg = Release|Any CPU
		{5266065E-72CA-41C9-917D-8DD3F60FC093}.Release|Any CPU.Build.0 = Release|Any CPU
		{1C3E8644-4B95-4F8E-8693-8942136D4DA9}.Debug|Any CPU.ActiveCfg = Debug|Any CPU
		{1C3E8644-4B95-4F8E-8693-8942136D4DA9}.Debug|Any CPU.Build.0 = Debug|Any CPU
		{1C3E8644-4B95-4F8E-8693-8942136D4DA9}.Release|Any CPU.ActiveCfg = Release|Any CPU
		{1C3E8644-4B95-4F8E-8693-8942136D4DA9}.Release|Any CPU.Build.0 = Release|Any CPU
		{360C074A-C1B4-4733-90C5-99B778ECBE39}.Debug|Any CPU.ActiveCfg = Debug|Any CPU
		{360C074A-C1B4-4733-90C5-99B778ECBE39}.Debug|Any CPU.Build.0 = Debug|Any CPU
		{360C074A-C1B4-4733-90C5-99B778ECBE39}.Release|Any CPU.ActiveCfg = Release|Any CPU
		{360C074A-C1B4-4733-90C5-99B778ECBE39}.Release|Any CPU.Build.0 = Release|Any CPU
		{358D79A4-2E19-400E-AAA3-10D419080B2D}.Debug|Any CPU.ActiveCfg = Debug|Any CPU
		{358D79A4-2E19-400E-AAA3-10D419080B2D}.Debug|Any CPU.Build.0 = Debug|Any CPU
		{358D79A4-2E19-400E-AAA3-10D419080B2D}.Release|Any CPU.ActiveCfg = Release|Any CPU
		{358D79A4-2E19-400E-AAA3-10D419080B2D}.Release|Any CPU.Build.0 = Release|Any CPU
		{8B82DCEC-E1EF-4677-9BA1-EAA6CA10C130}.Debug|Any CPU.ActiveCfg = Debug|Any CPU
		{8B82DCEC-E1EF-4677-9BA1-EAA6CA10C130}.Debug|Any CPU.Build.0 = Debug|Any CPU
		{8B82DCEC-E1EF-4677-9BA1-EAA6CA10C130}.Release|Any CPU.ActiveCfg = Release|Any CPU
		{8B82DCEC-E1EF-4677-9BA1-EAA6CA10C130}.Release|Any CPU.Build.0 = Release|Any CPU
		{98661607-1FFA-4363-A235-B7F642DAE861}.Debug|Any CPU.ActiveCfg = Debug|Any CPU
		{98661607-1FFA-4363-A235-B7F642DAE861}.Debug|Any CPU.Build.0 = Debug|Any CPU
		{98661607-1FFA-4363-A235-B7F642DAE861}.Release|Any CPU.ActiveCfg = Release|Any CPU
		{98661607-1FFA-4363-A235-B7F642DAE861}.Release|Any CPU.Build.0 = Release|Any CPU
		{190D9394-A328-402C-8710-20DFFF56D153}.Debug|Any CPU.ActiveCfg = Debug|Any CPU
		{190D9394-A328-402C-8710-20DFFF56D153}.Debug|Any CPU.Build.0 = Debug|Any CPU
		{190D9394-A328-402C-8710-20DFFF56D153}.Release|Any CPU.ActiveCfg = Release|Any CPU
		{190D9394-A328-402C-8710-20DFFF56D153}.Release|Any CPU.Build.0 = Release|Any CPU
	EndGlobalSection
	GlobalSection(SolutionProperties) = preSolution
		HideSolutionNode = FALSE
	EndGlobalSection
	GlobalSection(ExtensibilityGlobals) = postSolution
		SolutionGuid = {0D77D07A-EEF0-4905-A0BB-2F16057ED657}
	EndGlobalSection
EndGlobal
