
Microsoft Visual Studio Solution File, Format Version 12.00
# Visual Studio Version 17
VisualStudioVersion = 17.4.33205.214
MinimumVisualStudioVersion = 10.0.40219.1
Project("{9A19103F-16F7-4668-BE54-9A1E7A4F7556}") = "TiposDeDados1", "TiposDeDados1\TiposDeDados1.csproj", "{75920CBF-AC23-4389-B66B-8172C6C9C5DF}"
EndProject
Project("{9A19103F-16F7-4668-BE54-9A1E7A4F7556}") = "TiposDeDados2", "TiposDeDados2\TiposDeDados2.csproj", "{2468CF10-7F82-45C3-A966-E51100B25E7A}"
EndProject
Project("{9A19103F-16F7-4668-BE54-9A1E7A4F7556}") = "TiposDeDados3", "TiposDeDados3\TiposDeDados3.csproj", "{AB9509A2-48C2-417D-AF68-7CF79302B65D}"
EndProject
Project("{9A19103F-16F7-4668-BE54-9A1E7A4F7556}") = "TiposDeDados4", "TiposDeDados4\TiposDeDados4.csproj", "{B8145D1F-49D7-4C46-9350-5BC042733E15}"
EndProject
Project("{9A19103F-16F7-4668-BE54-9A1E7A4F7556}") = "DateTime1", "DateTime1\DateTime1.csproj", "{8CDEA170-2340-42DC-AB09-4CC0456D9B62}"
EndProject
Project("{9A19103F-16F7-4668-BE54-9A1E7A4F7556}") = "NullableTypes1", "NullableTypes1\NullableTypes1.csproj", "{929DEB9C-4171-4FD5-A26A-B73423F23F56}"
EndProject
Project("{9A19103F-16F7-4668-BE54-9A1E7A4F7556}") = "Identificadores", "Identificadores\Identificadores.csproj", "{75C2F3E3-557A-4EF0-B503-33575AFE27E3}"
EndProject
Project("{9A19103F-16F7-4668-BE54-9A1E7A4F7556}") = "ExerciciosFase1", "ExerciciosFase1\ExerciciosFase1.csproj", "{5266065E-72CA-41C9-917D-8DD3F60FC093}"
EndProject
Project("{9A19103F-16F7-4668-BE54-9A1E7A4F7556}") = "SaidaDados", "SaidaDados\SaidaDados.csproj", "{1C3E8644-4B95-4F8E-8693-8942136D4DA9}"
EndProject
Project("{9A19103F-16F7-4668-BE54-9A1E7A4F7556}") = "SaidaDados2", "SaidaDados2\SaidaDados2.csproj", "{360C074A-C1B4-4733-90C5-99B778ECBE39}"
EndProject
Project("{9A19103F-16F7-4668-BE54-9A1E7A4F7556}") = "ConversaoTipos", "ConversaoTipos\ConversaoTipos.csproj", "{358D79A4-2E19-400E-AAA3-10D419080B2D}"
EndProject
Project("{9A19103F-16F7-4668-BE54-9A1E7A4F7556}") = "ConversaoTipo1", "ConversaoTipo1\ConversaoTipo1.csproj", "{8B82DCEC-E1EF-4677-9BA1-EAA6CA10C130}"
EndProject
Project("{9A19103F-16F7-4668-BE54-9A1E7A4F7556}") = "EntradaDeDados", "EntradaDeDados\EntradaDeDados.csproj", "{98661607-1FFA-4363-A235-B7F642DAE861}"
EndProject
Project("{9A19103F-16F7-4668-BE54-9A1E7A4F7556}") = "OperadoresAritmeticos", "OperadoresAritmeticos\OperadoresAritmeticos.csproj", "{190D9394-A328-402C-8710-20DFFF56D153}"
EndProject
Project("{9A19103F-16F7-4668-BE54-9A1E7A4F7556}") = "InferenciaTipos", "InferenciaTipos\InferenciaTipos.csproj", "{04A6BF70-2694-487C-9789-9566D83EE0E6}"
EndProject
Project("{9A19103F-16F7-4668-BE54-9A1E7A4F7556}") = "OperadoresAtribuição", "OperadoresAtribuição\OperadoresAtribuição.csproj", "{B85EA833-23B2-4922-AADF-6F843FE72887}"
EndProject
Project("{9A19103F-16F7-4668-BE54-9A1E7A4F7556}") = "Constantes", "Constantes\Constantes.csproj", "{3C77BE86-3B3E-4F03-91F1-CFABB1253016}"
EndProject
Project("{9A19103F-16F7-4668-BE54-9A1E7A4F7556}") = "OperadoresIncrementoDecremento", "OperadoresIncrementoDecremento\OperadoresIncrementoDecremento.csproj", "{AE34BD10-7360-4600-A781-0AC6028B1B86}"
EndProject
Project("{9A19103F-16F7-4668-BE54-9A1E7A4F7556}") = "OperadoresRelacionais", "OperadoresRelacionais\OperadoresRelacionais.csproj", "{B05C3CD9-4904-437B-A20E-CE4081769458}"
EndProject
Project("{9A19103F-16F7-4668-BE54-9A1E7A4F7556}") = "OperadoresLogicos", "OperadoresLogicos\OperadoresLogicos.csproj", "{D80B2EFB-C1EC-4196-BC3F-B4F1EB3D48EC}"
EndProject
Project("{9A19103F-16F7-4668-BE54-9A1E7A4F7556}") = "OperadorTernario", "OperadorTernario\OperadorTernario.csproj", "{029C67F1-38E6-45C7-BE42-913A454F8203}"
EndProject
Project("{9A19103F-16F7-4668-BE54-9A1E7A4F7556}") = "IntruçãoIf", "IntruçãoIf\IntruçãoIf.csproj", "{59B7510B-84E3-4A7B-92DD-1B746963D151}"
EndProject
Project("{9A19103F-16F7-4668-BE54-9A1E7A4F7556}") = "InstruçãoIfElse", "InstruçãoIfElse\InstruçãoIfElse.csproj", "{9ECAF887-4BA7-4FF1-A2BF-C08B365C05D7}"
EndProject
Project("{9A19103F-16F7-4668-BE54-9A1E7A4F7556}") = "IntruçãoIfElse2", "IntruçãoIfElse2\IntruçãoIfElse2.csproj", "{67EE5D2B-6987-44F8-B9A0-067FE8E92394}"
EndProject
Project("{9A19103F-16F7-4668-BE54-9A1E7A4F7556}") = "InstruçãoSwitch", "InstruçãoSwitch\InstruçãoSwitch.csproj", "{46A0814E-E33B-49D0-8952-9C6139DACCC0}"
EndProject
Project("{9A19103F-16F7-4668-BE54-9A1E7A4F7556}") = "InstruçãoSwitch2", "InstruçãoSwitch2\InstruçãoSwitch2.csproj", "{0F5C5C94-5D7C-4484-9A2E-D2DFACED7E88}"
EndProject
Project("{9A19103F-16F7-4668-BE54-9A1E7A4F7556}") = "This", "This\This.csproj", "{55D42ABD-B846-457C-976D-CBE17C8117FA}"
EndProject
Project("{9A19103F-16F7-4668-BE54-9A1E7A4F7556}") = "EstruturaRepetição", "EstruturaRepetição\EstruturaRepetição.csproj", "{FC41B4DE-0B07-464A-BBA4-D57ADF1043B5}"
EndProject
Project("{9A19103F-16F7-4668-BE54-9A1E7A4F7556}") = "EstruturaRepetição2", "EstruturaRepetição2\EstruturaRepetição2.csproj", "{62C2D04D-92A1-4BFE-8A29-DCAA2F123F49}"
EndProject
Project("{9A19103F-16F7-4668-BE54-9A1E7A4F7556}") = "TestConflictMerge", "TestConflictMerge\TestConflictMerge.csproj", "{EC40D83E-AFED-4E04-8A94-E9C8BD136843}"
EndProject
Project("{9A19103F-16F7-4668-BE54-9A1E7A4F7556}") = "Objeto", "Objeto\Objeto.csproj", "{29281312-17C3-4E90-93F2-E641D8B53B07}"
EndProject
Project("{9A19103F-16F7-4668-BE54-9A1E7A4F7556}") = "Metodos", "Metodos\Metodos.csproj", "{6E66CACA-366B-4983-830A-C30CC7FB60A1}"
EndProject
Project("{FAE04EC0-301F-11D3-BF4B-00C04F79EFBC}") = "AutaTeste1", "AutaTeste1\AutaTeste1.csproj", "{BFA8BFBC-7636-4917-AF39-888FBD9F59B9}"
EndProject
Global
	GlobalSection(SolutionConfigurationPlatforms) = preSolution
		Debug|Any CPU = Debug|Any CPU
		Release|Any CPU = Release|Any CPU
	EndGlobalSection
	GlobalSection(ProjectConfigurationPlatforms) = postSolution
		{75920CBF-AC23-4389-B66B-8172C6C9C5DF}.Debug|Any CPU.ActiveCfg = Debug|Any CPU
		{75920CBF-AC23-4389-B66B-8172C6C9C5DF}.Debug|Any CPU.Build.0 = Debug|Any CPU
		{75920CBF-AC23-4389-B66B-8172C6C9C5DF}.Release|Any CPU.ActiveCfg = Release|Any CPU
		{75920CBF-AC23-4389-B66B-8172C6C9C5DF}.Release|Any CPU.Build.0 = Release|Any CPU
		{2468CF10-7F82-45C3-A966-E51100B25E7A}.Debug|Any CPU.ActiveCfg = Debug|Any CPU
		{2468CF10-7F82-45C3-A966-E51100B25E7A}.Debug|Any CPU.Build.0 = Debug|Any CPU
		{2468CF10-7F82-45C3-A966-E51100B25E7A}.Release|Any CPU.ActiveCfg = Release|Any CPU
		{2468CF10-7F82-45C3-A966-E51100B25E7A}.Release|Any CPU.Build.0 = Release|Any CPU
		{AB9509A2-48C2-417D-AF68-7CF79302B65D}.Debug|Any CPU.ActiveCfg = Debug|Any CPU
		{AB9509A2-48C2-417D-AF68-7CF79302B65D}.Debug|Any CPU.Build.0 = Debug|Any CPU
		{AB9509A2-48C2-417D-AF68-7CF79302B65D}.Release|Any CPU.ActiveCfg = Release|Any CPU
		{AB9509A2-48C2-417D-AF68-7CF79302B65D}.Release|Any CPU.Build.0 = Release|Any CPU
		{B8145D1F-49D7-4C46-9350-5BC042733E15}.Debug|Any CPU.ActiveCfg = Debug|Any CPU
		{B8145D1F-49D7-4C46-9350-5BC042733E15}.Debug|Any CPU.Build.0 = Debug|Any CPU
		{B8145D1F-49D7-4C46-9350-5BC042733E15}.Release|Any CPU.ActiveCfg = Release|Any CPU
		{B8145D1F-49D7-4C46-9350-5BC042733E15}.Release|Any CPU.Build.0 = Release|Any CPU
		{8CDEA170-2340-42DC-AB09-4CC0456D9B62}.Debug|Any CPU.ActiveCfg = Debug|Any CPU
		{8CDEA170-2340-42DC-AB09-4CC0456D9B62}.Debug|Any CPU.Build.0 = Debug|Any CPU
		{8CDEA170-2340-42DC-AB09-4CC0456D9B62}.Release|Any CPU.ActiveCfg = Release|Any CPU
		{8CDEA170-2340-42DC-AB09-4CC0456D9B62}.Release|Any CPU.Build.0 = Release|Any CPU
		{929DEB9C-4171-4FD5-A26A-B73423F23F56}.Debug|Any CPU.ActiveCfg = Debug|Any CPU
		{929DEB9C-4171-4FD5-A26A-B73423F23F56}.Debug|Any CPU.Build.0 = Debug|Any CPU
		{929DEB9C-4171-4FD5-A26A-B73423F23F56}.Release|Any CPU.ActiveCfg = Release|Any CPU
		{929DEB9C-4171-4FD5-A26A-B73423F23F56}.Release|Any CPU.Build.0 = Release|Any CPU
		{75C2F3E3-557A-4EF0-B503-33575AFE27E3}.Debug|Any CPU.ActiveCfg = Debug|Any CPU
		{75C2F3E3-557A-4EF0-B503-33575AFE27E3}.Debug|Any CPU.Build.0 = Debug|Any CPU
		{75C2F3E3-557A-4EF0-B503-33575AFE27E3}.Release|Any CPU.ActiveCfg = Release|Any CPU
		{75C2F3E3-557A-4EF0-B503-33575AFE27E3}.Release|Any CPU.Build.0 = Release|Any CPU
		{5266065E-72CA-41C9-917D-8DD3F60FC093}.Debug|Any CPU.ActiveCfg = Debug|Any CPU
		{5266065E-72CA-41C9-917D-8DD3F60FC093}.Debug|Any CPU.Build.0 = Debug|Any CPU
		{5266065E-72CA-41C9-917D-8DD3F60FC093}.Release|Any CPU.ActiveCfg = Release|Any CPU
		{5266065E-72CA-41C9-917D-8DD3F60FC093}.Release|Any CPU.Build.0 = Release|Any CPU
		{1C3E8644-4B95-4F8E-8693-8942136D4DA9}.Debug|Any CPU.ActiveCfg = Debug|Any CPU
		{1C3E8644-4B95-4F8E-8693-8942136D4DA9}.Debug|Any CPU.Build.0 = Debug|Any CPU
		{1C3E8644-4B95-4F8E-8693-8942136D4DA9}.Release|Any CPU.ActiveCfg = Release|Any CPU
		{1C3E8644-4B95-4F8E-8693-8942136D4DA9}.Release|Any CPU.Build.0 = Release|Any CPU
		{360C074A-C1B4-4733-90C5-99B778ECBE39}.Debug|Any CPU.ActiveCfg = Debug|Any CPU
		{360C074A-C1B4-4733-90C5-99B778ECBE39}.Debug|Any CPU.Build.0 = Debug|Any CPU
		{360C074A-C1B4-4733-90C5-99B778ECBE39}.Release|Any CPU.ActiveCfg = Release|Any CPU
		{360C074A-C1B4-4733-90C5-99B778ECBE39}.Release|Any CPU.Build.0 = Release|Any CPU
		{358D79A4-2E19-400E-AAA3-10D419080B2D}.Debug|Any CPU.ActiveCfg = Debug|Any CPU
		{358D79A4-2E19-400E-AAA3-10D419080B2D}.Debug|Any CPU.Build.0 = Debug|Any CPU
		{358D79A4-2E19-400E-AAA3-10D419080B2D}.Release|Any CPU.ActiveCfg = Release|Any CPU
		{358D79A4-2E19-400E-AAA3-10D419080B2D}.Release|Any CPU.Build.0 = Release|Any CPU
		{8B82DCEC-E1EF-4677-9BA1-EAA6CA10C130}.Debug|Any CPU.ActiveCfg = Debug|Any CPU
		{8B82DCEC-E1EF-4677-9BA1-EAA6CA10C130}.Debug|Any CPU.Build.0 = Debug|Any CPU
		{8B82DCEC-E1EF-4677-9BA1-EAA6CA10C130}.Release|Any CPU.ActiveCfg = Release|Any CPU
		{8B82DCEC-E1EF-4677-9BA1-EAA6CA10C130}.Release|Any CPU.Build.0 = Release|Any CPU
		{98661607-1FFA-4363-A235-B7F642DAE861}.Debug|Any CPU.ActiveCfg = Debug|Any CPU
		{98661607-1FFA-4363-A235-B7F642DAE861}.Debug|Any CPU.Build.0 = Debug|Any CPU
		{98661607-1FFA-4363-A235-B7F642DAE861}.Release|Any CPU.ActiveCfg = Release|Any CPU
		{98661607-1FFA-4363-A235-B7F642DAE861}.Release|Any CPU.Build.0 = Release|Any CPU
		{190D9394-A328-402C-8710-20DFFF56D153}.Debug|Any CPU.ActiveCfg = Debug|Any CPU
		{190D9394-A328-402C-8710-20DFFF56D153}.Debug|Any CPU.Build.0 = Debug|Any CPU
		{190D9394-A328-402C-8710-20DFFF56D153}.Release|Any CPU.ActiveCfg = Release|Any CPU
		{190D9394-A328-402C-8710-20DFFF56D153}.Release|Any CPU.Build.0 = Release|Any CPU
		{04A6BF70-2694-487C-9789-9566D83EE0E6}.Debug|Any CPU.ActiveCfg = Debug|Any CPU
		{04A6BF70-2694-487C-9789-9566D83EE0E6}.Debug|Any CPU.Build.0 = Debug|Any CPU
		{04A6BF70-2694-487C-9789-9566D83EE0E6}.Release|Any CPU.ActiveCfg = Release|Any CPU
		{04A6BF70-2694-487C-9789-9566D83EE0E6}.Release|Any CPU.Build.0 = Release|Any CPU
		{B85EA833-23B2-4922-AADF-6F843FE72887}.Debug|Any CPU.ActiveCfg = Debug|Any CPU
		{B85EA833-23B2-4922-AADF-6F843FE72887}.Debug|Any CPU.Build.0 = Debug|Any CPU
		{B85EA833-23B2-4922-AADF-6F843FE72887}.Release|Any CPU.ActiveCfg = Release|Any CPU
		{B85EA833-23B2-4922-AADF-6F843FE72887}.Release|Any CPU.Build.0 = Release|Any CPU
		{3C77BE86-3B3E-4F03-91F1-CFABB1253016}.Debug|Any CPU.ActiveCfg = Debug|Any CPU
		{3C77BE86-3B3E-4F03-91F1-CFABB1253016}.Debug|Any CPU.Build.0 = Debug|Any CPU
		{3C77BE86-3B3E-4F03-91F1-CFABB1253016}.Release|Any CPU.ActiveCfg = Release|Any CPU
		{3C77BE86-3B3E-4F03-91F1-CFABB1253016}.Release|Any CPU.Build.0 = Release|Any CPU
		{AE34BD10-7360-4600-A781-0AC6028B1B86}.Debug|Any CPU.ActiveCfg = Debug|Any CPU
		{AE34BD10-7360-4600-A781-0AC6028B1B86}.Debug|Any CPU.Build.0 = Debug|Any CPU
		{AE34BD10-7360-4600-A781-0AC6028B1B86}.Release|Any CPU.ActiveCfg = Release|Any CPU
		{AE34BD10-7360-4600-A781-0AC6028B1B86}.Release|Any CPU.Build.0 = Release|Any CPU
		{B05C3CD9-4904-437B-A20E-CE4081769458}.Debug|Any CPU.ActiveCfg = Debug|Any CPU
		{B05C3CD9-4904-437B-A20E-CE4081769458}.Debug|Any CPU.Build.0 = Debug|Any CPU
		{B05C3CD9-4904-437B-A20E-CE4081769458}.Release|Any CPU.ActiveCfg = Release|Any CPU
		{B05C3CD9-4904-437B-A20E-CE4081769458}.Release|Any CPU.Build.0 = Release|Any CPU
		{D80B2EFB-C1EC-4196-BC3F-B4F1EB3D48EC}.Debug|Any CPU.ActiveCfg = Debug|Any CPU
		{D80B2EFB-C1EC-4196-BC3F-B4F1EB3D48EC}.Debug|Any CPU.Build.0 = Debug|Any CPU
		{D80B2EFB-C1EC-4196-BC3F-B4F1EB3D48EC}.Release|Any CPU.ActiveCfg = Release|Any CPU
		{D80B2EFB-C1EC-4196-BC3F-B4F1EB3D48EC}.Release|Any CPU.Build.0 = Release|Any CPU
		{029C67F1-38E6-45C7-BE42-913A454F8203}.Debug|Any CPU.ActiveCfg = Debug|Any CPU
		{029C67F1-38E6-45C7-BE42-913A454F8203}.Debug|Any CPU.Build.0 = Debug|Any CPU
		{029C67F1-38E6-45C7-BE42-913A454F8203}.Release|Any CPU.ActiveCfg = Release|Any CPU
		{029C67F1-38E6-45C7-BE42-913A454F8203}.Release|Any CPU.Build.0 = Release|Any CPU
		{59B7510B-84E3-4A7B-92DD-1B746963D151}.Debug|Any CPU.ActiveCfg = Debug|Any CPU
		{59B7510B-84E3-4A7B-92DD-1B746963D151}.Debug|Any CPU.Build.0 = Debug|Any CPU
		{59B7510B-84E3-4A7B-92DD-1B746963D151}.Release|Any CPU.ActiveCfg = Release|Any CPU
		{59B7510B-84E3-4A7B-92DD-1B746963D151}.Release|Any CPU.Build.0 = Release|Any CPU
		{9ECAF887-4BA7-4FF1-A2BF-C08B365C05D7}.Debug|Any CPU.ActiveCfg = Debug|Any CPU
		{9ECAF887-4BA7-4FF1-A2BF-C08B365C05D7}.Debug|Any CPU.Build.0 = Debug|Any CPU
		{9ECAF887-4BA7-4FF1-A2BF-C08B365C05D7}.Release|Any CPU.ActiveCfg = Release|Any CPU
		{9ECAF887-4BA7-4FF1-A2BF-C08B365C05D7}.Release|Any CPU.Build.0 = Release|Any CPU
		{67EE5D2B-6987-44F8-B9A0-067FE8E92394}.Debug|Any CPU.ActiveCfg = Debug|Any CPU
		{67EE5D2B-6987-44F8-B9A0-067FE8E92394}.Debug|Any CPU.Build.0 = Debug|Any CPU
		{67EE5D2B-6987-44F8-B9A0-067FE8E92394}.Release|Any CPU.ActiveCfg = Release|Any CPU
		{67EE5D2B-6987-44F8-B9A0-067FE8E92394}.Release|Any CPU.Build.0 = Release|Any CPU
		{46A0814E-E33B-49D0-8952-9C6139DACCC0}.Debug|Any CPU.ActiveCfg = Debug|Any CPU
		{46A0814E-E33B-49D0-8952-9C6139DACCC0}.Debug|Any CPU.Build.0 = Debug|Any CPU
		{46A0814E-E33B-49D0-8952-9C6139DACCC0}.Release|Any CPU.ActiveCfg = Release|Any CPU
		{46A0814E-E33B-49D0-8952-9C6139DACCC0}.Release|Any CPU.Build.0 = Release|Any CPU
		{0F5C5C94-5D7C-4484-9A2E-D2DFACED7E88}.Debug|Any CPU.ActiveCfg = Debug|Any CPU
		{0F5C5C94-5D7C-4484-9A2E-D2DFACED7E88}.Debug|Any CPU.Build.0 = Debug|Any CPU
		{0F5C5C94-5D7C-4484-9A2E-D2DFACED7E88}.Release|Any CPU.ActiveCfg = Release|Any CPU
		{0F5C5C94-5D7C-4484-9A2E-D2DFACED7E88}.Release|Any CPU.Build.0 = Release|Any CPU
		{55D42ABD-B846-457C-976D-CBE17C8117FA}.Debug|Any CPU.ActiveCfg = Debug|Any CPU
		{55D42ABD-B846-457C-976D-CBE17C8117FA}.Debug|Any CPU.Build.0 = Debug|Any CPU
		{55D42ABD-B846-457C-976D-CBE17C8117FA}.Release|Any CPU.ActiveCfg = Release|Any CPU
		{55D42ABD-B846-457C-976D-CBE17C8117FA}.Release|Any CPU.Build.0 = Release|Any CPU
		{FC41B4DE-0B07-464A-BBA4-D57ADF1043B5}.Debug|Any CPU.ActiveCfg = Debug|Any CPU
		{FC41B4DE-0B07-464A-BBA4-D57ADF1043B5}.Debug|Any CPU.Build.0 = Debug|Any CPU
		{FC41B4DE-0B07-464A-BBA4-D57ADF1043B5}.Release|Any CPU.ActiveCfg = Release|Any CPU
		{FC41B4DE-0B07-464A-BBA4-D57ADF1043B5}.Release|Any CPU.Build.0 = Release|Any CPU
		{62C2D04D-92A1-4BFE-8A29-DCAA2F123F49}.Debug|Any CPU.ActiveCfg = Debug|Any CPU
		{62C2D04D-92A1-4BFE-8A29-DCAA2F123F49}.Debug|Any CPU.Build.0 = Debug|Any CPU
		{62C2D04D-92A1-4BFE-8A29-DCAA2F123F49}.Release|Any CPU.ActiveCfg = Release|Any CPU
		{62C2D04D-92A1-4BFE-8A29-DCAA2F123F49}.Release|Any CPU.Build.0 = Release|Any CPU
		{EC40D83E-AFED-4E04-8A94-E9C8BD136843}.Debug|Any CPU.ActiveCfg = Debug|Any CPU
		{EC40D83E-AFED-4E04-8A94-E9C8BD136843}.Debug|Any CPU.Build.0 = Debug|Any CPU
		{EC40D83E-AFED-4E04-8A94-E9C8BD136843}.Release|Any CPU.ActiveCfg = Release|Any CPU
		{EC40D83E-AFED-4E04-8A94-E9C8BD136843}.Release|Any CPU.Build.0 = Release|Any CPU
		{29281312-17C3-4E90-93F2-E641D8B53B07}.Debug|Any CPU.ActiveCfg = Debug|Any CPU
		{29281312-17C3-4E90-93F2-E641D8B53B07}.Debug|Any CPU.Build.0 = Debug|Any CPU
		{29281312-17C3-4E90-93F2-E641D8B53B07}.Release|Any CPU.ActiveCfg = Release|Any CPU
		{29281312-17C3-4E90-93F2-E641D8B53B07}.Release|Any CPU.Build.0 = Release|Any CPU
		{6E66CACA-366B-4983-830A-C30CC7FB60A1}.Debug|Any CPU.ActiveCfg = Debug|Any CPU
		{6E66CACA-366B-4983-830A-C30CC7FB60A1}.Debug|Any CPU.Build.0 = Debug|Any CPU
		{6E66CACA-366B-4983-830A-C30CC7FB60A1}.Release|Any CPU.ActiveCfg = Release|Any CPU
		{6E66CACA-366B-4983-830A-C30CC7FB60A1}.Release|Any CPU.Build.0 = Release|Any CPU
		{BFA8BFBC-7636-4917-AF39-888FBD9F59B9}.Debug|Any CPU.ActiveCfg = Debug|Any CPU
		{BFA8BFBC-7636-4917-AF39-888FBD9F59B9}.Debug|Any CPU.Build.0 = Debug|Any CPU
		{BFA8BFBC-7636-4917-AF39-888FBD9F59B9}.Release|Any CPU.ActiveCfg = Release|Any CPU
		{BFA8BFBC-7636-4917-AF39-888FBD9F59B9}.Release|Any CPU.Build.0 = Release|Any CPU
	EndGlobalSection
	GlobalSection(SolutionProperties) = preSolution
		HideSolutionNode = FALSE
	EndGlobalSection
	GlobalSection(ExtensibilityGlobals) = postSolution
		SolutionGuid = {0D77D07A-EEF0-4905-A0BB-2F16057ED657}
	EndGlobalSection
EndGlobal
